
Microsoft Visual Studio Solution File, Format Version 12.00
# Visual Studio Version 17
VisualStudioVersion = 17.11.35219.272
MinimumVisualStudioVersion = 10.0.40219.1
Project("{FAE04EC0-301F-11D3-BF4B-00C04F79EFBC}") = "bai1", "bai1\bai1.csproj", "{3918930D-DD4C-496C-84B4-ACF2677B96F7}"
EndProject
Project("{FAE04EC0-301F-11D3-BF4B-00C04F79EFBC}") = "bai2", "bai2\bai2.csproj", "{75479786-842B-44C6-BD33-2A1E2E329002}"
EndProject
Project("{FAE04EC0-301F-11D3-BF4B-00C04F79EFBC}") = "bai3", "bai3\bai3.csproj", "{2490CDBE-6614-41C4-BFC1-3BC35B129F92}"
EndProject
Project("{FAE04EC0-301F-11D3-BF4B-00C04F79EFBC}") = "Bai4", "Bai4\Bai4.csproj", "{35AB5531-43B8-4892-9CC8-B6F3DDB4517D}"
EndProject
Global
	GlobalSection(SolutionConfigurationPlatforms) = preSolution
		Debug|Any CPU = Debug|Any CPU
		Release|Any CPU = Release|Any CPU
	EndGlobalSection
	GlobalSection(ProjectConfigurationPlatforms) = postSolution
		{3918930D-DD4C-496C-84B4-ACF2677B96F7}.Debug|Any CPU.ActiveCfg = Debug|Any CPU
		{3918930D-DD4C-496C-84B4-ACF2677B96F7}.Debug|Any CPU.Build.0 = Debug|Any CPU
		{3918930D-DD4C-496C-84B4-ACF2677B96F7}.Release|Any CPU.ActiveCfg = Release|Any CPU
		{3918930D-DD4C-496C-84B4-ACF2677B96F7}.Release|Any CPU.Build.0 = Release|Any CPU
		{75479786-842B-44C6-BD33-2A1E2E329002}.Debug|Any CPU.ActiveCfg = Debug|Any CPU
		{75479786-842B-44C6-BD33-2A1E2E329002}.Debug|Any CPU.Build.0 = Debug|Any CPU
		{75479786-842B-44C6-BD33-2A1E2E329002}.Release|Any CPU.ActiveCfg = Release|Any CPU
		{75479786-842B-44C6-BD33-2A1E2E329002}.Release|Any CPU.Build.0 = Release|Any CPU
		{2490CDBE-6614-41C4-BFC1-3BC35B129F92}.Debug|Any CPU.ActiveCfg = Debug|Any CPU
		{2490CDBE-6614-41C4-BFC1-3BC35B129F92}.Debug|Any CPU.Build.0 = Debug|Any CPU
		{2490CDBE-6614-41C4-BFC1-3BC35B129F92}.Release|Any CPU.ActiveCfg = Release|Any CPU
		{2490CDBE-6614-41C4-BFC1-3BC35B129F92}.Release|Any CPU.Build.0 = Release|Any CPU
		{35AB5531-43B8-4892-9CC8-B6F3DDB4517D}.Debug|Any CPU.ActiveCfg = Debug|Any CPU
		{35AB5531-43B8-4892-9CC8-B6F3DDB4517D}.Debug|Any CPU.Build.0 = Debug|Any CPU
		{35AB5531-43B8-4892-9CC8-B6F3DDB4517D}.Release|Any CPU.ActiveCfg = Release|Any CPU
		{35AB5531-43B8-4892-9CC8-B6F3DDB4517D}.Release|Any CPU.Build.0 = Release|Any CPU
	EndGlobalSection
	GlobalSection(SolutionProperties) = preSolution
		HideSolutionNode = FALSE
	EndGlobalSection
	GlobalSection(ExtensibilityGlobals) = postSolution
		SolutionGuid = {843273AE-672C-4004-BB00-DCC3ED2A1F41}
	EndGlobalSection
EndGlobal
